<?xml version="1.0" encoding="utf-8"?>
<Project ToolsVersion="4.0" xmlns="http://schemas.microsoft.com/developer/msbuild/2003">
  <ItemGroup>
    <Filter Include="Source Files">
      <UniqueIdentifier>{5b73d639-2e54-4a8f-b027-762df0c5c6c4}</UniqueIdentifier>
      <Extensions>cpp;c;cxx;def;odl;idl;hpj;bat;asm</Extensions>
    </Filter>
    <Filter Include="Header Files">
      <UniqueIdentifier>{b1b6a7df-c144-490e-a7e4-60bfe4fde7d5}</UniqueIdentifier>
      <Extensions>h;hpp;hxx;hm;inl;inc</Extensions>
    </Filter>
    <Filter Include="Resource Files">
      <UniqueIdentifier>{c219622f-119c-44f7-913e-655c607524bb}</UniqueIdentifier>
      <Extensions>rc;ico;cur;bmp;dlg;rc2;rct;bin;rgs;gif;jpg;jpeg;jpe</Extensions>
    </Filter>
  </ItemGroup>
  <ItemGroup>
    <ClCompile Include="clicomms.c">
      <Filter>Source Files</Filter>
    </ClCompile>
    <ClCompile Include="CommsErr.c">
      <Filter>Source Files</Filter>
    </ClCompile>
    <ClCompile Include="MVComms.c">
      <Filter>Source Files</Filter>
    </ClCompile>
    <ClCompile Include="Serial.c">
      <Filter>Source Files</Filter>
    </ClCompile>
    <ClCompile Include="stdafx.c">
      <Filter>Source Files</Filter>
    </ClCompile>
    <ClCompile Include="TCPClient.c">
      <Filter>Source Files</Filter>
    </ClCompile>
    <ClCompile Include="TCPCommon.c">
      <Filter>Source Files</Filter>
    </ClCompile>
    <ClCompile Include="TCPServer.c">
      <Filter>Source Files</Filter>
    </ClCompile>
  </ItemGroup>
  <ItemGroup>
    <ClInclude Include="clicomms.h">
      <Filter>Header Files</Filter>
    </ClInclude>
    <ClInclude Include="cmstypes.h">
      <Filter>Header Files</Filter>
    </ClInclude>
    <ClInclude Include="CommsErr.h">
      <Filter>Header Files</Filter>
    </ClInclude>
    <ClInclude Include="MVComms.h">
      <Filter>Header Files</Filter>
    </ClInclude>
    <ClInclude Include="resource.h">
      <Filter>Header Files</Filter>
    </ClInclude>
    <ClInclude Include="Serial.h">
      <Filter>Header Files</Filter>
    </ClInclude>
    <ClInclude Include="stdafx.h">
      <Filter>Header Files</Filter>
    </ClInclude>
    <ClInclude Include="TCPClient.h">
      <Filter>Header Files</Filter>
    </ClInclude>
    <ClInclude Include="TCPCommon.h">
      <Filter>Header Files</Filter>
    </ClInclude>
    <ClInclude Include="TCPServer.h">
      <Filter>Header Files</Filter>
    </ClInclude>
  </ItemGroup>
  <ItemGroup>
    <ResourceCompile Include="MVComms.rc">
      <Filter>Resource Files</Filter>
    </ResourceCompile>
  </ItemGroup>
</Project>