<?xml version="1.0" encoding="utf-8"?>
<Project ToolsVersion="4.0" xmlns="http://schemas.microsoft.com/developer/msbuild/2003">
  <ItemGroup>
    <Filter Include="Source Files">
      <UniqueIdentifier>{b5dcb4de-acd6-42a1-8615-64909651770d}</UniqueIdentifier>
      <Extensions>cpp;c;cxx;def;odl;idl;hpj;bat;asm</Extensions>
    </Filter>
    <Filter Include="Header Files">
      <UniqueIdentifier>{1b859a4c-5bc2-43a9-8209-007b11efc629}</UniqueIdentifier>
      <Extensions>h;hpp;hxx;hm;inl;inc</Extensions>
    </Filter>
    <Filter Include="Resource Files">
      <UniqueIdentifier>{62a05eec-92b3-4829-8725-104b612808f8}</UniqueIdentifier>
      <Extensions>rc;ico;cur;bmp;dlg;rc2;rct;bin;rgs;gif;jpg;jpeg;jpe</Extensions>
    </Filter>
  </ItemGroup>
  <ItemGroup>
    <ClCompile Include="CmdLine.cpp">
      <Filter>Source Files</Filter>
    </ClCompile>
    <ClCompile Include="MVError.c">
      <Filter>Source Files</Filter>
    </ClCompile>
    <ClCompile Include="MVLog.c">
      <Filter>Source Files</Filter>
    </ClCompile>
    <ClCompile Include="MVTrace.c">
      <Filter>Source Files</Filter>
    </ClCompile>
  </ItemGroup>
  <ItemGroup>
    <ClInclude Include="CmdLine.h">
      <Filter>Header Files</Filter>
    </ClInclude>
    <ClInclude Include="MVDebug.h">
      <Filter>Header Files</Filter>
    </ClInclude>
    <ClInclude Include="MVError.h">
      <Filter>Header Files</Filter>
    </ClInclude>
    <ClInclude Include="MVLog.h">
      <Filter>Header Files</Filter>
    </ClInclude>
    <ClInclude Include="MVMath.h">
      <Filter>Header Files</Filter>
    </ClInclude>
    <ClInclude Include="MVTrace.h">
      <Filter>Header Files</Filter>
    </ClInclude>
    <ClInclude Include="MVTypes.h">
      <Filter>Header Files</Filter>
    </ClInclude>
    <ClInclude Include="resource.h">
      <Filter>Header Files</Filter>
    </ClInclude>
  </ItemGroup>
  <ItemGroup>
    <ResourceCompile Include="MVUtils.rc">
      <Filter>Resource Files</Filter>
    </ResourceCompile>
  </ItemGroup>
</Project>